
Microsoft Visual Studio Solution File, Format Version 12.00
Project("{FAE04EC0-301F-11D3-BF4B-00C04F79EFBC}") = "TempusApi", "TempusApi\TempusApi.csproj", "{5588270A-4A29-4145-A5DB-9F0C50C6D41C}"
EndProject
Global
	GlobalSection(SolutionConfigurationPlatforms) = preSolution
		Debug|Any CPU = Debug|Any CPU
		Release|Any CPU = Release|Any CPU
	EndGlobalSection
	GlobalSection(ProjectConfigurationPlatforms) = postSolution
		{5588270A-4A29-4145-A5DB-9F0C50C6D41C}.Debug|Any CPU.ActiveCfg = Debug|Any CPU
		{5588270A-4A29-4145-A5DB-9F0C50C6D41C}.Debug|Any CPU.Build.0 = Debug|Any CPU
		{5588270A-4A29-4145-A5DB-9F0C50C6D41C}.Release|Any CPU.ActiveCfg = Release|Any CPU
		{5588270A-4A29-4145-A5DB-9F0C50C6D41C}.Release|Any CPU.Build.0 = Release|Any CPU
	EndGlobalSection
EndGlobal
